// !$*UTF8*$!
{
	archiveVersion = 1;
	classes = {
	};
	objectVersion = 46;
	objects = {

/* Begin PBXBuildFile section */
		9E8698871604C7B600CE5231 /* CoreData.framework in Frameworks */ = {isa = PBXBuildFile; fileRef = 9E8698861604C7B600CE5231 /* CoreData.framework */; };
		9E8698891604C7B600CE5231 /* Foundation.framework in Frameworks */ = {isa = PBXBuildFile; fileRef = 9E8698881604C7B600CE5231 /* Foundation.framework */; };
		9E8698931604C7B600CE5231 /* LegacyNews.1 in CopyFiles */ = {isa = PBXBuildFile; fileRef = 9E8698921604C7B600CE5231 /* LegacyNews.1 */; };
		9E8698A51604C80B00CE5231 /* NewsDelegate.m in Sources */ = {isa = PBXBuildFile; fileRef = 9E8698A21604C80B00CE5231 /* NewsDelegate.m */; };
		9E8698A61604C80B00CE5231 /* NewsStore.m in Sources */ = {isa = PBXBuildFile; fileRef = 9E8698A41604C80B00CE5231 /* NewsStore.m */; };
		9E8698AB1604C81A00CE5231 /* NewsDetails.m in Sources */ = {isa = PBXBuildFile; fileRef = 9E8698A81604C81A00CE5231 /* NewsDetails.m */; };
		9E8698AC1604C81A00CE5231 /* NewsInfo.m in Sources */ = {isa = PBXBuildFile; fileRef = 9E8698AA1604C81A00CE5231 /* NewsInfo.m */; };
		9E8698AE1604C84F00CE5231 /* main.m in Sources */ = {isa = PBXBuildFile; fileRef = 9E8698AD1604C84F00CE5231 /* main.m */; };
		9E8698B11604C8AA00CE5231 /* Legacy_Iron_Ore.xcdatamodeld in Sources */ = {isa = PBXBuildFile; fileRef = 9E8698AF1604C8AA00CE5231 /* Legacy_Iron_Ore.xcdatamodeld */; };
		9E8699331605ACCA00CE5231 /* ProjectDetails.m in Sources */ = {isa = PBXBuildFile; fileRef = 9E8699321605ACCA00CE5231 /* ProjectDetails.m */; };
		9E8699361605ACD900CE5231 /* ProjectInfo.m in Sources */ = {isa = PBXBuildFile; fileRef = 9E8699351605ACD900CE5231 /* ProjectInfo.m */; };
		9E86993E1605AEC100CE5231 /* ProjectsDelegate.m in Sources */ = {isa = PBXBuildFile; fileRef = 9E86993D1605AEC100CE5231 /* ProjectsDelegate.m */; };
		9E8699411605AED600CE5231 /* ProjectsStore.m in Sources */ = {isa = PBXBuildFile; fileRef = 9E8699401605AED600CE5231 /* ProjectsStore.m */; };
/* End PBXBuildFile section */

/* Begin PBXCopyFilesBuildPhase section */
		9E8698801604C7B600CE5231 /* CopyFiles */ = {
			isa = PBXCopyFilesBuildPhase;
			buildActionMask = 2147483647;
			dstPath = /usr/share/man/man1/;
			dstSubfolderSpec = 0;
			files = (
				9E8698931604C7B600CE5231 /* LegacyNews.1 in CopyFiles */,
			);
			runOnlyForDeploymentPostprocessing = 1;
		};
/* End PBXCopyFilesBuildPhase section */

/* Begin PBXFileReference section */
		9E8698821604C7B600CE5231 /* LegacyNews */ = {isa = PBXFileReference; explicitFileType = "compiled.mach-o.executable"; includeInIndex = 0; path = LegacyNews; sourceTree = BUILT_PRODUCTS_DIR; };
		9E8698861604C7B600CE5231 /* CoreData.framework */ = {isa = PBXFileReference; lastKnownFileType = wrapper.framework; name = CoreData.framework; path = System/Library/Frameworks/CoreData.framework; sourceTree = SDKROOT; };
		9E8698881604C7B600CE5231 /* Foundation.framework */ = {isa = PBXFileReference; lastKnownFileType = wrapper.framework; name = Foundation.framework; path = System/Library/Frameworks/Foundation.framework; sourceTree = SDKROOT; };
		9E86988E1604C7B600CE5231 /* LegacyNews-Prefix.pch */ = {isa = PBXFileReference; lastKnownFileType = sourcecode.c.h; path = "LegacyNews-Prefix.pch"; sourceTree = "<group>"; };
		9E8698921604C7B600CE5231 /* LegacyNews.1 */ = {isa = PBXFileReference; lastKnownFileType = text.man; path = LegacyNews.1; sourceTree = "<group>"; };
		9E8698A11604C80B00CE5231 /* NewsDelegate.h */ = {isa = PBXFileReference; fileEncoding = 4; lastKnownFileType = sourcecode.c.h; path = NewsDelegate.h; sourceTree = "<group>"; };
		9E8698A21604C80B00CE5231 /* NewsDelegate.m */ = {isa = PBXFileReference; fileEncoding = 4; lastKnownFileType = sourcecode.c.objc; path = NewsDelegate.m; sourceTree = "<group>"; };
		9E8698A31604C80B00CE5231 /* NewsStore.h */ = {isa = PBXFileReference; fileEncoding = 4; lastKnownFileType = sourcecode.c.h; path = NewsStore.h; sourceTree = "<group>"; };
		9E8698A41604C80B00CE5231 /* NewsStore.m */ = {isa = PBXFileReference; fileEncoding = 4; lastKnownFileType = sourcecode.c.objc; path = NewsStore.m; sourceTree = "<group>"; };
		9E8698A71604C81A00CE5231 /* NewsDetails.h */ = {isa = PBXFileReference; fileEncoding = 4; lastKnownFileType = sourcecode.c.h; path = NewsDetails.h; sourceTree = "<group>"; };
		9E8698A81604C81A00CE5231 /* NewsDetails.m */ = {isa = PBXFileReference; fileEncoding = 4; lastKnownFileType = sourcecode.c.objc; path = NewsDetails.m; sourceTree = "<group>"; };
		9E8698A91604C81A00CE5231 /* NewsInfo.h */ = {isa = PBXFileReference; fileEncoding = 4; lastKnownFileType = sourcecode.c.h; path = NewsInfo.h; sourceTree = "<group>"; };
		9E8698AA1604C81A00CE5231 /* NewsInfo.m */ = {isa = PBXFileReference; fileEncoding = 4; lastKnownFileType = sourcecode.c.objc; path = NewsInfo.m; sourceTree = "<group>"; };
		9E8698AD1604C84F00CE5231 /* main.m */ = {isa = PBXFileReference; fileEncoding = 4; lastKnownFileType = sourcecode.c.objc; path = main.m; sourceTree = "<group>"; };
		9E8698B01604C8AA00CE5231 /* Legacy_Iron_Ore.xcdatamodel */ = {isa = PBXFileReference; lastKnownFileType = wrapper.xcdatamodel; path = Legacy_Iron_Ore.xcdatamodel; sourceTree = "<group>"; };
		9E8699311605ACCA00CE5231 /* ProjectDetails.h */ = {isa = PBXFileReference; fileEncoding = 4; lastKnownFileType = sourcecode.c.h; path = ProjectDetails.h; sourceTree = "<group>"; };
		9E8699321605ACCA00CE5231 /* ProjectDetails.m */ = {isa = PBXFileReference; fileEncoding = 4; lastKnownFileType = sourcecode.c.objc; path = ProjectDetails.m; sourceTree = "<group>"; };
		9E8699341605ACD900CE5231 /* ProjectInfo.h */ = {isa = PBXFileReference; fileEncoding = 4; lastKnownFileType = sourcecode.c.h; path = ProjectInfo.h; sourceTree = "<group>"; };
		9E8699351605ACD900CE5231 /* ProjectInfo.m */ = {isa = PBXFileReference; fileEncoding = 4; lastKnownFileType = sourcecode.c.objc; path = ProjectInfo.m; sourceTree = "<group>"; };
		9E86993C1605AEC100CE5231 /* ProjectsDelegate.h */ = {isa = PBXFileReference; fileEncoding = 4; lastKnownFileType = sourcecode.c.h; path = ProjectsDelegate.h; sourceTree = "<group>"; };
		9E86993D1605AEC100CE5231 /* ProjectsDelegate.m */ = {isa = PBXFileReference; fileEncoding = 4; lastKnownFileType = sourcecode.c.objc; path = ProjectsDelegate.m; sourceTree = "<group>"; };
		9E86993F1605AED600CE5231 /* ProjectsStore.h */ = {isa = PBXFileReference; fileEncoding = 4; lastKnownFileType = sourcecode.c.h; path = ProjectsStore.h; sourceTree = "<group>"; };
		9E8699401605AED600CE5231 /* ProjectsStore.m */ = {isa = PBXFileReference; fileEncoding = 4; lastKnownFileType = sourcecode.c.objc; path = ProjectsStore.m; sourceTree = "<group>"; };
		9E8699671605D33100CE5231 /* Legacy_Iron_Ore.sqlite */ = {isa = PBXFileReference; lastKnownFileType = file; path = Legacy_Iron_Ore.sqlite; sourceTree = "<group>"; };
/* End PBXFileReference section */

/* Begin PBXFrameworksBuildPhase section */
		9E86987F1604C7B600CE5231 /* Frameworks */ = {
			isa = PBXFrameworksBuildPhase;
			buildActionMask = 2147483647;
			files = (
				9E8698871604C7B600CE5231 /* CoreData.framework in Frameworks */,
				9E8698891604C7B600CE5231 /* Foundation.framework in Frameworks */,
			);
			runOnlyForDeploymentPostprocessing = 0;
		};
/* End PBXFrameworksBuildPhase section */

/* Begin PBXGroup section */
		9E8698771604C7B600CE5231 = {
			isa = PBXGroup;
			children = (
				9E86988A1604C7B600CE5231 /* LegacyNews */,
				9E8698851604C7B600CE5231 /* Frameworks */,
				9E8698831604C7B600CE5231 /* Products */,
			);
			sourceTree = "<group>";
		};
		9E8698831604C7B600CE5231 /* Products */ = {
			isa = PBXGroup;
			children = (
				9E8698821604C7B600CE5231 /* LegacyNews */,
			);
			name = Products;
			sourceTree = "<group>";
		};
		9E8698851604C7B600CE5231 /* Frameworks */ = {
			isa = PBXGroup;
			children = (
				9E8698861604C7B600CE5231 /* CoreData.framework */,
				9E8698881604C7B600CE5231 /* Foundation.framework */,
			);
			name = Frameworks;
			sourceTree = "<group>";
		};
		9E86988A1604C7B600CE5231 /* LegacyNews */ = {
			isa = PBXGroup;
			children = (
				9E8699671605D33100CE5231 /* Legacy_Iron_Ore.sqlite */,
				9E8698A01604C7E500CE5231 /* NSXMLParser */,
				9E8698AD1604C84F00CE5231 /* main.m */,
				9E8698AF1604C8AA00CE5231 /* Legacy_Iron_Ore.xcdatamodeld */,
				9E8698921604C7B600CE5231 /* LegacyNews.1 */,
				9E86988D1604C7B600CE5231 /* Supporting Files */,
			);
			path = LegacyNews;
			sourceTree = "<group>";
		};
		9E86988D1604C7B600CE5231 /* Supporting Files */ = {
			isa = PBXGroup;
			children = (
				9E86988E1604C7B600CE5231 /* LegacyNews-Prefix.pch */,
			);
			name = "Supporting Files";
			sourceTree = "<group>";
		};
		9E8698A01604C7E500CE5231 /* NSXMLParser */ = {
			isa = PBXGroup;
			children = (
				9E86993B1605ADF600CE5231 /* Projects */,
				9E8699391605AD6100CE5231 /* News */,
				9E8699371605ACEB00CE5231 /* CoreData */,
			);
			name = NSXMLParser;
			sourceTree = "<group>";
		};
		9E86992D1605AC8900CE5231 /* Projects */ = {
			isa = PBXGroup;
			children = (
				9E8699311605ACCA00CE5231 /* ProjectDetails.h */,
				9E8699321605ACCA00CE5231 /* ProjectDetails.m */,
				9E8699341605ACD900CE5231 /* ProjectInfo.h */,
				9E8699351605ACD900CE5231 /* ProjectInfo.m */,
			);
			name = Projects;
			sourceTree = "<group>";
		};
		9E8699371605ACEB00CE5231 /* CoreData */ = {
			isa = PBXGroup;
			children = (
				9E86993A1605ADEA00CE5231 /* News */,
				9E86992D1605AC8900CE5231 /* Projects */,
			);
			name = CoreData;
			sourceTree = "<group>";
		};
		9E8699391605AD6100CE5231 /* News */ = {
			isa = PBXGroup;
			children = (
				9E8698A11604C80B00CE5231 /* NewsDelegate.h */,
				9E8698A21604C80B00CE5231 /* NewsDelegate.m */,
				9E8698A31604C80B00CE5231 /* NewsStore.h */,
				9E8698A41604C80B00CE5231 /* NewsStore.m */,
			);
			name = News;
			sourceTree = "<group>";
		};
		9E86993A1605ADEA00CE5231 /* News */ = {
			isa = PBXGroup;
			children = (
				9E8698A71604C81A00CE5231 /* NewsDetails.h */,
				9E8698A81604C81A00CE5231 /* NewsDetails.m */,
				9E8698A91604C81A00CE5231 /* NewsInfo.h */,
				9E8698AA1604C81A00CE5231 /* NewsInfo.m */,
			);
			name = News;
			sourceTree = "<group>";
		};
		9E86993B1605ADF600CE5231 /* Projects */ = {
			isa = PBXGroup;
			children = (
				9E86993C1605AEC100CE5231 /* ProjectsDelegate.h */,
				9E86993D1605AEC100CE5231 /* ProjectsDelegate.m */,
				9E86993F1605AED600CE5231 /* ProjectsStore.h */,
				9E8699401605AED600CE5231 /* ProjectsStore.m */,
			);
			name = Projects;
			sourceTree = "<group>";
		};
/* End PBXGroup section */

/* Begin PBXNativeTarget section */
		9E8698811604C7B600CE5231 /* LegacyNews */ = {
			isa = PBXNativeTarget;
			buildConfigurationList = 9E8698961604C7B600CE5231 /* Build configuration list for PBXNativeTarget "LegacyNews" */;
			buildPhases = (
				9E86987E1604C7B600CE5231 /* Sources */,
				9E86987F1604C7B600CE5231 /* Frameworks */,
				9E8698801604C7B600CE5231 /* CopyFiles */,
			);
			buildRules = (
			);
			dependencies = (
			);
			name = LegacyNews;
			productName = LegacyNews;
			productReference = 9E8698821604C7B600CE5231 /* LegacyNews */;
			productType = "com.apple.product-type.tool";
		};
/* End PBXNativeTarget section */

/* Begin PBXProject section */
		9E8698791604C7B600CE5231 /* Project object */ = {
			isa = PBXProject;
			attributes = {
				LastUpgradeCheck = 0440;
				ORGANIZATIONNAME = "Cameron Bradley";
			};
			buildConfigurationList = 9E86987C1604C7B600CE5231 /* Build configuration list for PBXProject "LegacyNews" */;
			compatibilityVersion = "Xcode 3.2";
			developmentRegion = English;
			hasScannedForEncodings = 0;
			knownRegions = (
				en,
			);
			mainGroup = 9E8698771604C7B600CE5231;
			productRefGroup = 9E8698831604C7B600CE5231 /* Products */;
			projectDirPath = "";
			projectRoot = "";
			targets = (
				9E8698811604C7B600CE5231 /* LegacyNews */,
			);
		};
/* End PBXProject section */

/* Begin PBXSourcesBuildPhase section */
		9E86987E1604C7B600CE5231 /* Sources */ = {
			isa = PBXSourcesBuildPhase;
			buildActionMask = 2147483647;
			files = (
				9E8698A51604C80B00CE5231 /* NewsDelegate.m in Sources */,
				9E8698A61604C80B00CE5231 /* NewsStore.m in Sources */,
				9E8698AB1604C81A00CE5231 /* NewsDetails.m in Sources */,
				9E8698AC1604C81A00CE5231 /* NewsInfo.m in Sources */,
				9E8698AE1604C84F00CE5231 /* main.m in Sources */,
				9E8698B11604C8AA00CE5231 /* Legacy_Iron_Ore.xcdatamodeld in Sources */,
				9E8699331605ACCA00CE5231 /* ProjectDetails.m in Sources */,
				9E8699361605ACD900CE5231 /* ProjectInfo.m in Sources */,
				9E86993E1605AEC100CE5231 /* ProjectsDelegate.m in Sources */,
				9E8699411605AED600CE5231 /* ProjectsStore.m in Sources */,
			);
			runOnlyForDeploymentPostprocessing = 0;
		};
/* End PBXSourcesBuildPhase section */

/* Begin XCBuildConfiguration section */
		9E8698941604C7B600CE5231 /* Debug */ = {
			isa = XCBuildConfiguration;
			buildSettings = {
				ALWAYS_SEARCH_USER_PATHS = NO;
				ARCHS = "$(ARCHS_STANDARD_64_BIT)";
				CLANG_CXX_LANGUAGE_STANDARD = "gnu++0x";
				CLANG_ENABLE_OBJC_ARC = YES;
				CLANG_WARN__DUPLICATE_METHOD_MATCH = YES;
				COPY_PHASE_STRIP = NO;
				GCC_C_LANGUAGE_STANDARD = gnu99;
				GCC_DYNAMIC_NO_PIC = NO;
				GCC_ENABLE_OBJC_EXCEPTIONS = YES;
				GCC_OPTIMIZATION_LEVEL = 0;
				GCC_PREPROCESSOR_DEFINITIONS = (
					"DEBUG=1",
					"$(inherited)",
				);
				GCC_SYMBOLS_PRIVATE_EXTERN = NO;
				GCC_WARN_64_TO_32_BIT_CONVERSION = YES;
				GCC_WARN_ABOUT_RETURN_TYPE = YES;
				GCC_WARN_UNINITIALIZED_AUTOS = YES;
				GCC_WARN_UNUSED_VARIABLE = YES;
				MACOSX_DEPLOYMENT_TARGET = 10.7;
				ONLY_ACTIVE_ARCH = YES;
				SDKROOT = macosx;
			};
			name = Debug;
		};
		9E8698951604C7B600CE5231 /* Release */ = {
			isa = XCBuildConfiguration;
			buildSettings = {
				ALWAYS_SEARCH_USER_PATHS = NO;
				ARCHS = "$(ARCHS_STANDARD_64_BIT)";
				CLANG_CXX_LANGUAGE_STANDARD = "gnu++0x";
				CLANG_ENABLE_OBJC_ARC = YES;
				CLANG_WARN__DUPLICATE_METHOD_MATCH = YES;
				COPY_PHASE_STRIP = YES;
				DEBUG_INFORMATION_FORMAT = "dwarf-with-dsym";
				GCC_C_LANGUAGE_STANDARD = gnu99;
				GCC_ENABLE_OBJC_EXCEPTIONS = YES;
				GCC_WARN_64_TO_32_BIT_CONVERSION = YES;
				GCC_WARN_ABOUT_RETURN_TYPE = YES;
				GCC_WARN_UNINITIALIZED_AUTOS = YES;
				GCC_WARN_UNUSED_VARIABLE = YES;
				MACOSX_DEPLOYMENT_TARGET = 10.7;
				SDKROOT = macosx;
			};
			name = Release;
		};
		9E8698971604C7B600CE5231 /* Debug */ = {
			isa = XCBuildConfiguration;
			buildSettings = {
				GCC_PRECOMPILE_PREFIX_HEADER = YES;
				GCC_PREFIX_HEADER = "LegacyNews/LegacyNews-Prefix.pch";
				PRODUCT_NAME = "$(TARGET_NAME)";
			};
			name = Debug;
		};
		9E8698981604C7B600CE5231 /* Release */ = {
			isa = XCBuildConfiguration;
			buildSettings = {
				GCC_PRECOMPILE_PREFIX_HEADER = YES;
				GCC_PREFIX_HEADER = "LegacyNews/LegacyNews-Prefix.pch";
				PRODUCT_NAME = "$(TARGET_NAME)";
			};
			name = Release;
		};
/* End XCBuildConfiguration section */

/* Begin XCConfigurationList section */
		9E86987C1604C7B600CE5231 /* Build configuration list for PBXProject "LegacyNews" */ = {
			isa = XCConfigurationList;
			buildConfigurations = (
				9E8698941604C7B600CE5231 /* Debug */,
				9E8698951604C7B600CE5231 /* Release */,
			);
			defaultConfigurationIsVisible = 0;
			defaultConfigurationName = Release;
		};
		9E8698961604C7B600CE5231 /* Build configuration list for PBXNativeTarget "LegacyNews" */ = {
			isa = XCConfigurationList;
			buildConfigurations = (
				9E8698971604C7B600CE5231 /* Debug */,
				9E8698981604C7B600CE5231 /* Release */,
			);
			defaultConfigurationIsVisible = 0;
			defaultConfigurationName = Release;
		};
/* End XCConfigurationList section */

/* Begin XCVersionGroup section */
		9E8698AF1604C8AA00CE5231 /* Legacy_Iron_Ore.xcdatamodeld */ = {
			isa = XCVersionGroup;
			children = (
				9E8698B01604C8AA00CE5231 /* Legacy_Iron_Ore.xcdatamodel */,
			);
			currentVersion = 9E8698B01604C8AA00CE5231 /* Legacy_Iron_Ore.xcdatamodel */;
			path = Legacy_Iron_Ore.xcdatamodeld;
			sourceTree = "<group>";
			versionGroupType = wrapper.xcdatamodel;
		};
/* End XCVersionGroup section */
	};
	rootObject = 9E8698791604C7B600CE5231 /* Project object */;
}
